
Microsoft Visual Studio Solution File, Format Version 12.00
# Visual Studio Version 17
VisualStudioVersion = 17.6.33829.357
MinimumVisualStudioVersion = 10.0.40219.1
Project("{FAE04EC0-301F-11D3-BF4B-00C04F79EFBC}") = "CMS", "CMS\CMS.csproj", "{0F006994-4ACC-47CA-8030-071E042334DE}"
EndProject
Project("{FAE04EC0-301F-11D3-BF4B-00C04F79EFBC}") = "BALibrary", "BALibrary\BALibrary.csproj", "{E780E8A8-5A21-49B4-98E7-A720F30679C7}"
EndProject
Global
	GlobalSection(SolutionConfigurationPlatforms) = preSolution
		Debug|Any CPU = Debug|Any CPU
		Release|Any CPU = Release|Any CPU
	EndGlobalSection
	GlobalSection(ProjectConfigurationPlatforms) = postSolution
		{0F006994-4ACC-47CA-8030-071E042334DE}.Debug|Any CPU.ActiveCfg = Debug|Any CPU
		{0F006994-4ACC-47CA-8030-071E042334DE}.Debug|Any CPU.Build.0 = Debug|Any CPU
		{0F006994-4ACC-47CA-8030-071E042334DE}.Release|Any CPU.ActiveCfg = Release|Any CPU
		{0F006994-4ACC-47CA-8030-071E042334DE}.Release|Any CPU.Build.0 = Release|Any CPU
		{E780E8A8-5A21-49B4-98E7-A720F30679C7}.Debug|Any CPU.ActiveCfg = Debug|Any CPU
		{E780E8A8-5A21-49B4-98E7-A720F30679C7}.Debug|Any CPU.Build.0 = Debug|Any CPU
		{E780E8A8-5A21-49B4-98E7-A720F30679C7}.Release|Any CPU.ActiveCfg = Release|Any CPU
		{E780E8A8-5A21-49B4-98E7-A720F30679C7}.Release|Any CPU.Build.0 = Release|Any CPU
	EndGlobalSection
	GlobalSection(SolutionProperties) = preSolution
		HideSolutionNode = FALSE
	EndGlobalSection
	GlobalSection(ExtensibilityGlobals) = postSolution
		SolutionGuid = {D8683605-5859-48B6-866F-19548CA883E9}
	EndGlobalSection
EndGlobal
